
Microsoft Visual Studio Solution File, Format Version 12.00
Project("{FAE04EC0-301F-11D3-BF4B-00C04F79EFBC}") = "ScreenShooter.Web", "src\ScreenShooter.Web\ScreenShooter.Web.csproj", "{275C7A3B-20A2-4A05-AA95-BC0860A88748}"
EndProject
Project("{FAE04EC0-301F-11D3-BF4B-00C04F79EFBC}") = "ScreenShooter.Gun", "ScreenShooter.Gun\ScreenShooter.Gun.csproj", "{5E03F3EC-EC59-427E-A99D-79C84C8048A4}"
EndProject
Global
	GlobalSection(SolutionConfigurationPlatforms) = preSolution
		Debug|Any CPU = Debug|Any CPU
		Release|Any CPU = Release|Any CPU
	EndGlobalSection
	GlobalSection(ProjectConfigurationPlatforms) = postSolution
		{275C7A3B-20A2-4A05-AA95-BC0860A88748}.Debug|Any CPU.ActiveCfg = Debug|Any CPU
		{275C7A3B-20A2-4A05-AA95-BC0860A88748}.Debug|Any CPU.Build.0 = Debug|Any CPU
		{275C7A3B-20A2-4A05-AA95-BC0860A88748}.Release|Any CPU.ActiveCfg = Release|Any CPU
		{275C7A3B-20A2-4A05-AA95-BC0860A88748}.Release|Any CPU.Build.0 = Release|Any CPU
		{5E03F3EC-EC59-427E-A99D-79C84C8048A4}.Debug|Any CPU.ActiveCfg = Debug|Any CPU
		{5E03F3EC-EC59-427E-A99D-79C84C8048A4}.Debug|Any CPU.Build.0 = Debug|Any CPU
		{5E03F3EC-EC59-427E-A99D-79C84C8048A4}.Release|Any CPU.ActiveCfg = Release|Any CPU
		{5E03F3EC-EC59-427E-A99D-79C84C8048A4}.Release|Any CPU.Build.0 = Release|Any CPU
	EndGlobalSection
EndGlobal
